
Microsoft Visual Studio Solution File, Format Version 12.00
Project("{FAE04EC0-301F-11D3-BF4B-00C04F79EFBC}") = "Terminaltop", "Terminaltop\Terminaltop.csproj", "{165DAC15-8C82-4621-BAE7-9BD0A65DC47D}"
EndProject
Global
	GlobalSection(SolutionConfigurationPlatforms) = preSolution
		Debug|Any CPU = Debug|Any CPU
		Release|Any CPU = Release|Any CPU
	EndGlobalSection
	GlobalSection(ProjectConfigurationPlatforms) = postSolution
		{165DAC15-8C82-4621-BAE7-9BD0A65DC47D}.Debug|Any CPU.ActiveCfg = Debug|Any CPU
		{165DAC15-8C82-4621-BAE7-9BD0A65DC47D}.Debug|Any CPU.Build.0 = Debug|Any CPU
		{165DAC15-8C82-4621-BAE7-9BD0A65DC47D}.Release|Any CPU.ActiveCfg = Release|Any CPU
		{165DAC15-8C82-4621-BAE7-9BD0A65DC47D}.Release|Any CPU.Build.0 = Release|Any CPU
	EndGlobalSection
EndGlobal
